
Microsoft Visual Studio Solution File, Format Version 12.00
# Visual Studio Version 17
VisualStudioVersion = 17.14.36109.1
MinimumVisualStudioVersion = 10.0.40219.1
Project("{FAE04EC0-301F-11D3-BF4B-00C04F79EFBC}") = "Healthy.Domain", "Healthy.Domain\Healthy.Domain.csproj", "{A1B2C3D4-E5F6-7890-ABCD-EF1234567890}"
EndProject
Project("{FAE04EC0-301F-11D3-BF4B-00C04F79EFBC}") = "Healthy.Application", "Healthy.Application\Healthy.Application.csproj", "{7FA586C1-E29F-4083-832F-86A36583D04D}"
EndProject
Project("{FAE04EC0-301F-11D3-BF4B-00C04F79EFBC}") = "Healthy.Infrastructure", "Healthy.Infrastructure\Healthy.Infrastructure.csproj", "{4A5C5985-243F-4BB4-901B-1AC7883455A5}"
EndProject
Project("{FAE04EC0-301F-11D3-BF4B-00C04F79EFBC}") = "Healthy.Api", "Healthy.Api\Healthy.Api.csproj", "{5C965768-10AC-48DF-AAA0-034DD7BE791E}"
EndProject
Global
	GlobalSection(SolutionConfigurationPlatforms) = preSolution
		Debug|Any CPU = Debug|Any CPU
		Release|Any CPU = Release|Any CPU
	EndGlobalSection
	GlobalSection(ProjectConfigurationPlatforms) = postSolution
		{A1B2C3D4-E5F6-7890-ABCD-EF1234567890}.Debug|Any CPU.ActiveCfg = Debug|Any CPU
		{A1B2C3D4-E5F6-7890-ABCD-EF1234567890}.Debug|Any CPU.Build.0 = Debug|Any CPU
		{A1B2C3D4-E5F6-7890-ABCD-EF1234567890}.Release|Any CPU.ActiveCfg = Release|Any CPU
		{A1B2C3D4-E5F6-7890-ABCD-EF1234567890}.Release|Any CPU.Build.0 = Release|Any CPU
		{7FA586C1-E29F-4083-832F-86A36583D04D}.Debug|Any CPU.ActiveCfg = Debug|Any CPU
		{7FA586C1-E29F-4083-832F-86A36583D04D}.Debug|Any CPU.Build.0 = Debug|Any CPU
		{7FA586C1-E29F-4083-832F-86A36583D04D}.Release|Any CPU.ActiveCfg = Release|Any CPU
		{7FA586C1-E29F-4083-832F-86A36583D04D}.Release|Any CPU.Build.0 = Release|Any CPU
		{4A5C5985-243F-4BB4-901B-1AC7883455A5}.Debug|Any CPU.ActiveCfg = Debug|Any CPU
		{4A5C5985-243F-4BB4-901B-1AC7883455A5}.Debug|Any CPU.Build.0 = Debug|Any CPU
		{4A5C5985-243F-4BB4-901B-1AC7883455A5}.Release|Any CPU.ActiveCfg = Release|Any CPU
		{4A5C5985-243F-4BB4-901B-1AC7883455A5}.Release|Any CPU.Build.0 = Release|Any CPU
		{5C965768-10AC-48DF-AAA0-034DD7BE791E}.Debug|Any CPU.ActiveCfg = Debug|Any CPU
		{5C965768-10AC-48DF-AAA0-034DD7BE791E}.Debug|Any CPU.Build.0 = Debug|Any CPU
		{5C965768-10AC-48DF-AAA0-034DD7BE791E}.Release|Any CPU.ActiveCfg = Release|Any CPU
		{5C965768-10AC-48DF-AAA0-034DD7BE791E}.Release|Any CPU.Build.0 = Release|Any CPU
	EndGlobalSection
	GlobalSection(SolutionProperties) = preSolution
		HideSolutionNode = FALSE
	EndGlobalSection
	GlobalSection(ExtensibilityGlobals) = postSolution
		SolutionGuid = {9F1BBF80-1A42-4D2E-86E8-71C9BB0BB9A8}
	EndGlobalSection
EndGlobal
